// !$*UTF8*$!
{
	archiveVersion = 1;
	classes = {
	};
	objectVersion = 54;
	objects = {

/* Begin PBXBuildFile section */
		630A8060262B2C4D005BBE89 /* ExtendedSessionCoordinator.swift in Sources */ = {isa = PBXBuildFile; fileRef = 630A805F262B2C4D005BBE89 /* ExtendedSessionCoordinator.swift */; };
		631B94402621038D00D45E7F /* HealthKit.framework in Frameworks */ = {isa = PBXBuildFile; fileRef = 631B943F2621038D00D45E7F /* HealthKit.framework */; };
		631B94422621044A00D45E7F /* HealthTracking.swift in Sources */ = {isa = PBXBuildFile; fileRef = 631B94412621044A00D45E7F /* HealthTracking.swift */; };
		6338E2E5262336B80046ABBC /* MapView.swift in Sources */ = {isa = PBXBuildFile; fileRef = 6338E2E4262336B80046ABBC /* MapView.swift */; };
		6338E3172623A2A50046ABBC /* LocalizeNumbers.swift in Sources */ = {isa = PBXBuildFile; fileRef = 6338E3162623A2A50046ABBC /* LocalizeNumbers.swift */; };
		6338E3182623A2A50046ABBC /* LocalizeNumbers.swift in Sources */ = {isa = PBXBuildFile; fileRef = 6338E3162623A2A50046ABBC /* LocalizeNumbers.swift */; };
		6338E3192623A2A50046ABBC /* LocalizeNumbers.swift in Sources */ = {isa = PBXBuildFile; fileRef = 6338E3162623A2A50046ABBC /* LocalizeNumbers.swift */; };
		63465992261E1B0600460166 /* ContentView.swift in Sources */ = {isa = PBXBuildFile; fileRef = 63465991261E1B0600460166 /* ContentView.swift */; };
		63465993261E1B0600460166 /* ContentView.swift in Sources */ = {isa = PBXBuildFile; fileRef = 63465991261E1B0600460166 /* ContentView.swift */; };
		6346599A261E1B2500460166 /* BackfireAppDebug.swift in Sources */ = {isa = PBXBuildFile; fileRef = 63465998261E1B2500460166 /* BackfireAppDebug.swift */; };
		6346599B261E1B2500460166 /* BackfireAppDebug.swift in Sources */ = {isa = PBXBuildFile; fileRef = 63465998261E1B2500460166 /* BackfireAppDebug.swift */; };
		6346599C261E1B2500460166 /* BackfireBLEManager.swift in Sources */ = {isa = PBXBuildFile; fileRef = 63465999261E1B2500460166 /* BackfireBLEManager.swift */; };
		6346599D261E1B2500460166 /* BackfireBLEManager.swift in Sources */ = {isa = PBXBuildFile; fileRef = 63465999261E1B2500460166 /* BackfireBLEManager.swift */; };
		634659A7261E1BA400460166 /* Assets.xcassets in Resources */ = {isa = PBXBuildFile; fileRef = 634659A6261E1BA400460166 /* Assets.xcassets */; };
		634659B3261E1BA500460166 /* ContentView.swift in Sources */ = {isa = PBXBuildFile; fileRef = 634659B2261E1BA500460166 /* ContentView.swift */; };
		634659B5261E1BA500460166 /* BackfireApp.swift in Sources */ = {isa = PBXBuildFile; fileRef = 634659B4261E1BA500460166 /* BackfireApp.swift */; };
		634659B7261E1BA500460166 /* ComplicationController.swift in Sources */ = {isa = PBXBuildFile; fileRef = 634659B6261E1BA500460166 /* ComplicationController.swift */; };
		634659B9261E1BA500460166 /* Assets.xcassets in Resources */ = {isa = PBXBuildFile; fileRef = 634659B8261E1BA500460166 /* Assets.xcassets */; };
		634659BC261E1BA500460166 /* Preview Assets.xcassets in Resources */ = {isa = PBXBuildFile; fileRef = 634659BB261E1BA500460166 /* Preview Assets.xcassets */; };
		634659C0261E1BA500460166 /* Backfire.app in Embed Watch Content */ = {isa = PBXBuildFile; fileRef = 634659A4261E1BA100460166 /* Backfire.app */; settings = {ATTRIBUTES = (RemoveHeadersOnCopy, ); }; };
		634659D7261E1C0800460166 /* CloudKit.framework in Frameworks */ = {isa = PBXBuildFile; fileRef = 634659D6261E1C0800460166 /* CloudKit.framework */; };
		634659DE261E1CB600460166 /* BackfireBLEManager.swift in Sources */ = {isa = PBXBuildFile; fileRef = 63465999261E1B2500460166 /* BackfireBLEManager.swift */; };
		634659F8261E267200460166 /* CloudKit.framework in Frameworks */ = {isa = PBXBuildFile; fileRef = 634659F7261E267200460166 /* CloudKit.framework */; };
		63465A00261E31DD00460166 /* LocationManager.swift in Sources */ = {isa = PBXBuildFile; fileRef = 634659FF261E31DD00460166 /* LocationManager.swift */; };
		63465A01261E31DD00460166 /* LocationManager.swift in Sources */ = {isa = PBXBuildFile; fileRef = 634659FF261E31DD00460166 /* LocationManager.swift */; };
		63465A02261E31DD00460166 /* LocationManager.swift in Sources */ = {isa = PBXBuildFile; fileRef = 634659FF261E31DD00460166 /* LocationManager.swift */; };
		6348DE012C21355700AE97C8 /* RealityKitContent in Frameworks */ = {isa = PBXBuildFile; productRef = 6348DE002C21355700AE97C8 /* RealityKitContent */; };
		6348DE032C21355700AE97C8 /* Backfire_VisionApp.swift in Sources */ = {isa = PBXBuildFile; fileRef = 6348DE022C21355700AE97C8 /* Backfire_VisionApp.swift */; };
		6348DE052C21355700AE97C8 /* ContentView.swift in Sources */ = {isa = PBXBuildFile; fileRef = 6348DE042C21355700AE97C8 /* ContentView.swift */; };
		6348DE072C21355800AE97C8 /* Assets.xcassets in Resources */ = {isa = PBXBuildFile; fileRef = 6348DE062C21355800AE97C8 /* Assets.xcassets */; };
		6348DE0A2C21355800AE97C8 /* Preview Assets.xcassets in Resources */ = {isa = PBXBuildFile; fileRef = 6348DE092C21355800AE97C8 /* Preview Assets.xcassets */; };
		6348DE152C21355800AE97C8 /* Backfire_VisionTests.swift in Sources */ = {isa = PBXBuildFile; fileRef = 6348DE142C21355800AE97C8 /* Backfire_VisionTests.swift */; };
		6348DE1D2C21365000AE97C8 /* Backfire.xcdatamodeld in Sources */ = {isa = PBXBuildFile; fileRef = 63B68B33261E074500CCA935 /* Backfire.xcdatamodeld */; };
		6348DE1E2C21365000AE97C8 /* Helper.swift in Sources */ = {isa = PBXBuildFile; fileRef = 63D80DB826252E74008222CF /* Helper.swift */; };
		6348DE1F2C21365000AE97C8 /* LocalizeNumbers.swift in Sources */ = {isa = PBXBuildFile; fileRef = 6338E3162623A2A50046ABBC /* LocalizeNumbers.swift */; };
		6348DE202C21365000AE97C8 /* LocationViewModel.swift in Sources */ = {isa = PBXBuildFile; fileRef = 63F3B7FA261F5B8500502AF6 /* LocationViewModel.swift */; };
		6348DE212C21365000AE97C8 /* MapView.swift in Sources */ = {isa = PBXBuildFile; fileRef = 63F3B7F4261F584500502AF6 /* MapView.swift */; };
		6348DE222C21365000AE97C8 /* MapViewCoordinator.swift in Sources */ = {isa = PBXBuildFile; fileRef = 63F3B7F7261F5B5500502AF6 /* MapViewCoordinator.swift */; };
		6348DE232C21365000AE97C8 /* MulticolorPolyline.swift in Sources */ = {isa = PBXBuildFile; fileRef = 63F3B800261F6DB700502AF6 /* MulticolorPolyline.swift */; };
		6348DE242C21365000AE97C8 /* RideDetailsText.swift in Sources */ = {isa = PBXBuildFile; fileRef = 63D80DAF26251060008222CF /* RideDetailsText.swift */; };
		6348DE252C21365000AE97C8 /* RideDetailView.swift in Sources */ = {isa = PBXBuildFile; fileRef = 63F3B7EE261E8FFA00502AF6 /* RideDetailView.swift */; };
		6348DE262C21365000AE97C8 /* SettingsView.swift in Sources */ = {isa = PBXBuildFile; fileRef = 63D65E4E262C631300CEEE4F /* SettingsView.swift */; };
		6348DE272C21365000AE97C8 /* TripView.swift in Sources */ = {isa = PBXBuildFile; fileRef = 63B68B36261E074500CCA935 /* TripView.swift */; };
		6348DE282C2136AB00AE97C8 /* LocationManager.swift in Sources */ = {isa = PBXBuildFile; fileRef = 634659FF261E31DD00460166 /* LocationManager.swift */; };
		6348DE292C21370800AE97C8 /* Persistence.swift in Sources */ = {isa = PBXBuildFile; fileRef = 63B68B37261E074500CCA935 /* Persistence.swift */; };
		635589462620E816003264E8 /* CoreData.framework in Frameworks */ = {isa = PBXBuildFile; fileRef = 635589452620E816003264E8 /* CoreData.framework */; };
		6355894D2620E84B003264E8 /* Backfire.xcdatamodeld in Sources */ = {isa = PBXBuildFile; fileRef = 63B68B33261E074500CCA935 /* Backfire.xcdatamodeld */; };
		635589542620E884003264E8 /* Persistence.swift in Sources */ = {isa = PBXBuildFile; fileRef = 63B68B37261E074500CCA935 /* Persistence.swift */; };
		636C49142C39E11C0060C607 /* FullMapView.swift in Sources */ = {isa = PBXBuildFile; fileRef = 636C49132C39E11C0060C607 /* FullMapView.swift */; };
		636C49152C39E11C0060C607 /* FullMapView.swift in Sources */ = {isa = PBXBuildFile; fileRef = 636C49132C39E11C0060C607 /* FullMapView.swift */; };
		636C49162C39E11C0060C607 /* FullMapView.swift in Sources */ = {isa = PBXBuildFile; fileRef = 636C49132C39E11C0060C607 /* FullMapView.swift */; };
		637A592A2C28F75200E936EE /* SyncMonitor.swift in Sources */ = {isa = PBXBuildFile; fileRef = 637A59292C28F75200E936EE /* SyncMonitor.swift */; };
		637A592B2C28F75200E936EE /* SyncMonitor.swift in Sources */ = {isa = PBXBuildFile; fileRef = 637A59292C28F75200E936EE /* SyncMonitor.swift */; };
		637A592C2C28F75200E936EE /* SyncMonitor.swift in Sources */ = {isa = PBXBuildFile; fileRef = 637A59292C28F75200E936EE /* SyncMonitor.swift */; };
		637A592D2C28F75200E936EE /* SyncMonitor.swift in Sources */ = {isa = PBXBuildFile; fileRef = 637A59292C28F75200E936EE /* SyncMonitor.swift */; };
		63B68B52261E074900CCA935 /* Tests_iOS.swift in Sources */ = {isa = PBXBuildFile; fileRef = 63B68B51261E074900CCA935 /* Tests_iOS.swift */; };
		63B68B5D261E074900CCA935 /* Tests_macOS.swift in Sources */ = {isa = PBXBuildFile; fileRef = 63B68B5C261E074900CCA935 /* Tests_macOS.swift */; };
		63B68B5F261E074900CCA935 /* Backfire.xcdatamodeld in Sources */ = {isa = PBXBuildFile; fileRef = 63B68B33261E074500CCA935 /* Backfire.xcdatamodeld */; };
		63B68B60261E074900CCA935 /* Backfire.xcdatamodeld in Sources */ = {isa = PBXBuildFile; fileRef = 63B68B33261E074500CCA935 /* Backfire.xcdatamodeld */; };
		63B68B61261E074900CCA935 /* BackfireApp.swift in Sources */ = {isa = PBXBuildFile; fileRef = 63B68B35261E074500CCA935 /* BackfireApp.swift */; };
		63B68B62261E074900CCA935 /* BackfireApp.swift in Sources */ = {isa = PBXBuildFile; fileRef = 63B68B35261E074500CCA935 /* BackfireApp.swift */; };
		63B68B63261E074900CCA935 /* TripView.swift in Sources */ = {isa = PBXBuildFile; fileRef = 63B68B36261E074500CCA935 /* TripView.swift */; };
		63B68B64261E074900CCA935 /* TripView.swift in Sources */ = {isa = PBXBuildFile; fileRef = 63B68B36261E074500CCA935 /* TripView.swift */; };
		63B68B65261E074900CCA935 /* Persistence.swift in Sources */ = {isa = PBXBuildFile; fileRef = 63B68B37261E074500CCA935 /* Persistence.swift */; };
		63B68B66261E074900CCA935 /* Persistence.swift in Sources */ = {isa = PBXBuildFile; fileRef = 63B68B37261E074500CCA935 /* Persistence.swift */; };
		63B68B67261E074900CCA935 /* Assets.xcassets in Resources */ = {isa = PBXBuildFile; fileRef = 63B68B38261E074900CCA935 /* Assets.xcassets */; };
		63B68B68261E074900CCA935 /* Assets.xcassets in Resources */ = {isa = PBXBuildFile; fileRef = 63B68B38261E074900CCA935 /* Assets.xcassets */; };
		63B68B7A261E078B00CCA935 /* CloudKit.framework in Frameworks */ = {isa = PBXBuildFile; fileRef = 63B68B79261E078B00CCA935 /* CloudKit.framework */; };
		63D65E4F262C631300CEEE4F /* SettingsView.swift in Sources */ = {isa = PBXBuildFile; fileRef = 63D65E4E262C631300CEEE4F /* SettingsView.swift */; };
		63D65E50262C631300CEEE4F /* SettingsView.swift in Sources */ = {isa = PBXBuildFile; fileRef = 63D65E4E262C631300CEEE4F /* SettingsView.swift */; };
		63D80DB026251060008222CF /* RideDetailsText.swift in Sources */ = {isa = PBXBuildFile; fileRef = 63D80DAF26251060008222CF /* RideDetailsText.swift */; };
		63D80DB126251060008222CF /* RideDetailsText.swift in Sources */ = {isa = PBXBuildFile; fileRef = 63D80DAF26251060008222CF /* RideDetailsText.swift */; };
		63D80DB926252E74008222CF /* Helper.swift in Sources */ = {isa = PBXBuildFile; fileRef = 63D80DB826252E74008222CF /* Helper.swift */; };
		63D80DBA26252E74008222CF /* Helper.swift in Sources */ = {isa = PBXBuildFile; fileRef = 63D80DB826252E74008222CF /* Helper.swift */; };
		63D80DBB26252E74008222CF /* Helper.swift in Sources */ = {isa = PBXBuildFile; fileRef = 63D80DB826252E74008222CF /* Helper.swift */; };
		63F3B7EF261E8FFA00502AF6 /* RideDetailView.swift in Sources */ = {isa = PBXBuildFile; fileRef = 63F3B7EE261E8FFA00502AF6 /* RideDetailView.swift */; };
		63F3B7F0261E8FFA00502AF6 /* RideDetailView.swift in Sources */ = {isa = PBXBuildFile; fileRef = 63F3B7EE261E8FFA00502AF6 /* RideDetailView.swift */; };
		63F3B7F5261F584500502AF6 /* MapView.swift in Sources */ = {isa = PBXBuildFile; fileRef = 63F3B7F4261F584500502AF6 /* MapView.swift */; };
		63F3B7F8261F5B5500502AF6 /* MapViewCoordinator.swift in Sources */ = {isa = PBXBuildFile; fileRef = 63F3B7F7261F5B5500502AF6 /* MapViewCoordinator.swift */; };
		63F3B7F9261F5B5500502AF6 /* MapViewCoordinator.swift in Sources */ = {isa = PBXBuildFile; fileRef = 63F3B7F7261F5B5500502AF6 /* MapViewCoordinator.swift */; };
		63F3B7FB261F5B8500502AF6 /* LocationViewModel.swift in Sources */ = {isa = PBXBuildFile; fileRef = 63F3B7FA261F5B8500502AF6 /* LocationViewModel.swift */; };
		63F3B7FC261F5B8500502AF6 /* LocationViewModel.swift in Sources */ = {isa = PBXBuildFile; fileRef = 63F3B7FA261F5B8500502AF6 /* LocationViewModel.swift */; };
		63F3B801261F6DB700502AF6 /* MulticolorPolyline.swift in Sources */ = {isa = PBXBuildFile; fileRef = 63F3B800261F6DB700502AF6 /* MulticolorPolyline.swift */; };
		63F3B802261F6DB700502AF6 /* MulticolorPolyline.swift in Sources */ = {isa = PBXBuildFile; fileRef = 63F3B800261F6DB700502AF6 /* MulticolorPolyline.swift */; };
/* End PBXBuildFile section */

/* Begin PBXContainerItemProxy section */
		634659BE261E1BA500460166 /* PBXContainerItemProxy */ = {
			isa = PBXContainerItemProxy;
			containerPortal = 63B68B2E261E074500CCA935 /* Project object */;
			proxyType = 1;
			remoteGlobalIDString = 634659A3261E1BA100460166;
			remoteInfo = Backfire;
		};
		6348DE112C21355800AE97C8 /* PBXContainerItemProxy */ = {
			isa = PBXContainerItemProxy;
			containerPortal = 63B68B2E261E074500CCA935 /* Project object */;
			proxyType = 1;
			remoteGlobalIDString = 6348DDFB2C21355700AE97C8;
			remoteInfo = "Backfire Vision";
		};
		63B68B4E261E074900CCA935 /* PBXContainerItemProxy */ = {
			isa = PBXContainerItemProxy;
			containerPortal = 63B68B2E261E074500CCA935 /* Project object */;
			proxyType = 1;
			remoteGlobalIDString = 63B68B3C261E074900CCA935;
			remoteInfo = "Backfire (iOS)";
		};
		63B68B59261E074900CCA935 /* PBXContainerItemProxy */ = {
			isa = PBXContainerItemProxy;
			containerPortal = 63B68B2E261E074500CCA935 /* Project object */;
			proxyType = 1;
			remoteGlobalIDString = 63B68B44261E074900CCA935;
			remoteInfo = "Backfire (macOS)";
		};
/* End PBXContainerItemProxy section */

/* Begin PBXCopyFilesBuildPhase section */
		634659C8261E1BA500460166 /* Embed Watch Content */ = {
			isa = PBXCopyFilesBuildPhase;
			buildActionMask = 2147483647;
			dstPath = "$(CONTENTS_FOLDER_PATH)/Watch";
			dstSubfolderSpec = 16;
			files = (
				634659C0261E1BA500460166 /* Backfire.app in Embed Watch Content */,
			);
			name = "Embed Watch Content";
			runOnlyForDeploymentPostprocessing = 0;
		};
/* End PBXCopyFilesBuildPhase section */

/* Begin PBXFileReference section */
		630A805F262B2C4D005BBE89 /* ExtendedSessionCoordinator.swift */ = {isa = PBXFileReference; lastKnownFileType = sourcecode.swift; path = ExtendedSessionCoordinator.swift; sourceTree = "<group>"; };
		631B943F2621038D00D45E7F /* HealthKit.framework */ = {isa = PBXFileReference; lastKnownFileType = wrapper.framework; name = HealthKit.framework; path = Platforms/WatchOS.platform/Developer/SDKs/WatchOS7.4.sdk/System/Library/Frameworks/HealthKit.framework; sourceTree = DEVELOPER_DIR; };
		631B94412621044A00D45E7F /* HealthTracking.swift */ = {isa = PBXFileReference; lastKnownFileType = sourcecode.swift; path = HealthTracking.swift; sourceTree = "<group>"; };
		6338E2E4262336B80046ABBC /* MapView.swift */ = {isa = PBXFileReference; lastKnownFileType = sourcecode.swift; path = MapView.swift; sourceTree = "<group>"; };
		6338E3162623A2A50046ABBC /* LocalizeNumbers.swift */ = {isa = PBXFileReference; lastKnownFileType = sourcecode.swift; name = LocalizeNumbers.swift; path = Shared/LocalizeNumbers.swift; sourceTree = SOURCE_ROOT; };
		63465991261E1B0600460166 /* ContentView.swift */ = {isa = PBXFileReference; lastKnownFileType = sourcecode.swift; path = ContentView.swift; sourceTree = "<group>"; };
		63465998261E1B2500460166 /* BackfireAppDebug.swift */ = {isa = PBXFileReference; fileEncoding = 4; lastKnownFileType = sourcecode.swift; path = BackfireAppDebug.swift; sourceTree = "<group>"; };
		63465999261E1B2500460166 /* BackfireBLEManager.swift */ = {isa = PBXFileReference; fileEncoding = 4; lastKnownFileType = sourcecode.swift; path = BackfireBLEManager.swift; sourceTree = "<group>"; };
		634659A4261E1BA100460166 /* Backfire.app */ = {isa = PBXFileReference; explicitFileType = wrapper.application; includeInIndex = 0; path = Backfire.app; sourceTree = BUILT_PRODUCTS_DIR; };
		634659A6261E1BA400460166 /* Assets.xcassets */ = {isa = PBXFileReference; lastKnownFileType = folder.assetcatalog; path = Assets.xcassets; sourceTree = "<group>"; };
		634659A8261E1BA400460166 /* Info.plist */ = {isa = PBXFileReference; lastKnownFileType = text.plist.xml; path = Info.plist; sourceTree = "<group>"; };
		634659B2261E1BA500460166 /* ContentView.swift */ = {isa = PBXFileReference; lastKnownFileType = sourcecode.swift; path = ContentView.swift; sourceTree = "<group>"; };
		634659B4261E1BA500460166 /* BackfireApp.swift */ = {isa = PBXFileReference; lastKnownFileType = sourcecode.swift; path = BackfireApp.swift; sourceTree = "<group>"; };
		634659B6261E1BA500460166 /* ComplicationController.swift */ = {isa = PBXFileReference; lastKnownFileType = sourcecode.swift; path = ComplicationController.swift; sourceTree = "<group>"; };
		634659B8261E1BA500460166 /* Assets.xcassets */ = {isa = PBXFileReference; lastKnownFileType = folder.assetcatalog; path = Assets.xcassets; sourceTree = "<group>"; };
		634659BB261E1BA500460166 /* Preview Assets.xcassets */ = {isa = PBXFileReference; lastKnownFileType = folder.assetcatalog; path = "Preview Assets.xcassets"; sourceTree = "<group>"; };
		634659BD261E1BA500460166 /* Info.plist */ = {isa = PBXFileReference; lastKnownFileType = text.plist.xml; path = Info.plist; sourceTree = "<group>"; };
		634659CF261E1C0300460166 /* Backfire Extension.entitlements */ = {isa = PBXFileReference; lastKnownFileType = text.plist.entitlements; path = "Backfire Extension.entitlements"; sourceTree = "<group>"; };
		634659D6261E1C0800460166 /* CloudKit.framework */ = {isa = PBXFileReference; lastKnownFileType = wrapper.framework; name = CloudKit.framework; path = Platforms/WatchOS.platform/Developer/SDKs/WatchOS7.2.sdk/System/Library/Frameworks/CloudKit.framework; sourceTree = DEVELOPER_DIR; };
		634659F7261E267200460166 /* CloudKit.framework */ = {isa = PBXFileReference; lastKnownFileType = wrapper.framework; name = CloudKit.framework; path = System/Library/Frameworks/CloudKit.framework; sourceTree = SDKROOT; };
		634659FF261E31DD00460166 /* LocationManager.swift */ = {isa = PBXFileReference; lastKnownFileType = sourcecode.swift; path = LocationManager.swift; sourceTree = "<group>"; };
		6348DDFC2C21355700AE97C8 /* Backfire Vision.app */ = {isa = PBXFileReference; explicitFileType = wrapper.application; includeInIndex = 0; path = "Backfire Vision.app"; sourceTree = BUILT_PRODUCTS_DIR; };
		6348DDFF2C21355700AE97C8 /* RealityKitContent */ = {isa = PBXFileReference; lastKnownFileType = wrapper; path = RealityKitContent; sourceTree = "<group>"; };
		6348DE022C21355700AE97C8 /* Backfire_VisionApp.swift */ = {isa = PBXFileReference; lastKnownFileType = sourcecode.swift; path = Backfire_VisionApp.swift; sourceTree = "<group>"; };
		6348DE042C21355700AE97C8 /* ContentView.swift */ = {isa = PBXFileReference; lastKnownFileType = sourcecode.swift; path = ContentView.swift; sourceTree = "<group>"; };
		6348DE062C21355800AE97C8 /* Assets.xcassets */ = {isa = PBXFileReference; lastKnownFileType = folder.assetcatalog; path = Assets.xcassets; sourceTree = "<group>"; };
		6348DE092C21355800AE97C8 /* Preview Assets.xcassets */ = {isa = PBXFileReference; lastKnownFileType = folder.assetcatalog; path = "Preview Assets.xcassets"; sourceTree = "<group>"; };
		6348DE0B2C21355800AE97C8 /* Info.plist */ = {isa = PBXFileReference; lastKnownFileType = text.plist.xml; path = Info.plist; sourceTree = "<group>"; };
		6348DE102C21355800AE97C8 /* Backfire VisionTests.xctest */ = {isa = PBXFileReference; explicitFileType = wrapper.cfbundle; includeInIndex = 0; path = "Backfire VisionTests.xctest"; sourceTree = BUILT_PRODUCTS_DIR; };
		6348DE142C21355800AE97C8 /* Backfire_VisionTests.swift */ = {isa = PBXFileReference; lastKnownFileType = sourcecode.swift; path = Backfire_VisionTests.swift; sourceTree = "<group>"; };
		6348DE1C2C2135D200AE97C8 /* Backfire Vision.entitlements */ = {isa = PBXFileReference; lastKnownFileType = text.plist.entitlements; path = "Backfire Vision.entitlements"; sourceTree = "<group>"; };
		635589452620E816003264E8 /* CoreData.framework */ = {isa = PBXFileReference; lastKnownFileType = wrapper.framework; name = CoreData.framework; path = Platforms/WatchOS.platform/Developer/SDKs/WatchOS7.2.sdk/System/Library/Frameworks/CoreData.framework; sourceTree = DEVELOPER_DIR; };
		636C49132C39E11C0060C607 /* FullMapView.swift */ = {isa = PBXFileReference; lastKnownFileType = sourcecode.swift; path = FullMapView.swift; sourceTree = "<group>"; };
		637A59292C28F75200E936EE /* SyncMonitor.swift */ = {isa = PBXFileReference; lastKnownFileType = sourcecode.swift; path = SyncMonitor.swift; sourceTree = "<group>"; };
		63B68B34261E074500CCA935 /* Shared.xcdatamodel */ = {isa = PBXFileReference; lastKnownFileType = wrapper.xcdatamodel; path = Shared.xcdatamodel; sourceTree = "<group>"; };
		63B68B35261E074500CCA935 /* BackfireApp.swift */ = {isa = PBXFileReference; lastKnownFileType = sourcecode.swift; path = BackfireApp.swift; sourceTree = "<group>"; };
		63B68B36261E074500CCA935 /* TripView.swift */ = {isa = PBXFileReference; lastKnownFileType = sourcecode.swift; path = TripView.swift; sourceTree = "<group>"; };
		63B68B37261E074500CCA935 /* Persistence.swift */ = {isa = PBXFileReference; lastKnownFileType = sourcecode.swift; path = Persistence.swift; sourceTree = "<group>"; };
		63B68B38261E074900CCA935 /* Assets.xcassets */ = {isa = PBXFileReference; lastKnownFileType = folder.assetcatalog; path = Assets.xcassets; sourceTree = "<group>"; };
		63B68B3D261E074900CCA935 /* Backfire.app */ = {isa = PBXFileReference; explicitFileType = wrapper.application; includeInIndex = 0; path = Backfire.app; sourceTree = BUILT_PRODUCTS_DIR; };
		63B68B40261E074900CCA935 /* Info.plist */ = {isa = PBXFileReference; lastKnownFileType = text.plist.xml; path = Info.plist; sourceTree = "<group>"; };
		63B68B45261E074900CCA935 /* Backfire.app */ = {isa = PBXFileReference; explicitFileType = wrapper.application; includeInIndex = 0; path = Backfire.app; sourceTree = BUILT_PRODUCTS_DIR; };
		63B68B47261E074900CCA935 /* Info.plist */ = {isa = PBXFileReference; lastKnownFileType = text.plist.xml; path = Info.plist; sourceTree = "<group>"; };
		63B68B48261E074900CCA935 /* macOS.entitlements */ = {isa = PBXFileReference; lastKnownFileType = text.plist.entitlements; path = macOS.entitlements; sourceTree = "<group>"; };
		63B68B4D261E074900CCA935 /* Tests iOS.xctest */ = {isa = PBXFileReference; explicitFileType = wrapper.cfbundle; includeInIndex = 0; path = "Tests iOS.xctest"; sourceTree = BUILT_PRODUCTS_DIR; };
		63B68B51261E074900CCA935 /* Tests_iOS.swift */ = {isa = PBXFileReference; lastKnownFileType = sourcecode.swift; path = Tests_iOS.swift; sourceTree = "<group>"; };
		63B68B53261E074900CCA935 /* Info.plist */ = {isa = PBXFileReference; lastKnownFileType = text.plist.xml; path = Info.plist; sourceTree = "<group>"; };
		63B68B58261E074900CCA935 /* Tests macOS.xctest */ = {isa = PBXFileReference; explicitFileType = wrapper.cfbundle; includeInIndex = 0; path = "Tests macOS.xctest"; sourceTree = BUILT_PRODUCTS_DIR; };
		63B68B5C261E074900CCA935 /* Tests_macOS.swift */ = {isa = PBXFileReference; lastKnownFileType = sourcecode.swift; path = Tests_macOS.swift; sourceTree = "<group>"; };
		63B68B5E261E074900CCA935 /* Info.plist */ = {isa = PBXFileReference; lastKnownFileType = text.plist.xml; path = Info.plist; sourceTree = "<group>"; };
		63B68B77261E078600CCA935 /* Backfire.entitlements */ = {isa = PBXFileReference; lastKnownFileType = text.plist.entitlements; path = Backfire.entitlements; sourceTree = "<group>"; };
		63B68B79261E078B00CCA935 /* CloudKit.framework */ = {isa = PBXFileReference; lastKnownFileType = wrapper.framework; name = CloudKit.framework; path = Platforms/iPhoneOS.platform/Developer/SDKs/iPhoneOS14.5.sdk/System/Library/Frameworks/CloudKit.framework; sourceTree = DEVELOPER_DIR; };
		63D65E4E262C631300CEEE4F /* SettingsView.swift */ = {isa = PBXFileReference; lastKnownFileType = sourcecode.swift; path = SettingsView.swift; sourceTree = "<group>"; };
		63D80DAF26251060008222CF /* RideDetailsText.swift */ = {isa = PBXFileReference; lastKnownFileType = sourcecode.swift; path = RideDetailsText.swift; sourceTree = "<group>"; };
		63D80DB826252E74008222CF /* Helper.swift */ = {isa = PBXFileReference; lastKnownFileType = sourcecode.swift; path = Helper.swift; sourceTree = "<group>"; };
		63F3B7EE261E8FFA00502AF6 /* RideDetailView.swift */ = {isa = PBXFileReference; lastKnownFileType = sourcecode.swift; path = RideDetailView.swift; sourceTree = "<group>"; };
		63F3B7F4261F584500502AF6 /* MapView.swift */ = {isa = PBXFileReference; lastKnownFileType = sourcecode.swift; path = MapView.swift; sourceTree = "<group>"; };
		63F3B7F7261F5B5500502AF6 /* MapViewCoordinator.swift */ = {isa = PBXFileReference; lastKnownFileType = sourcecode.swift; path = MapViewCoordinator.swift; sourceTree = "<group>"; };
		63F3B7FA261F5B8500502AF6 /* LocationViewModel.swift */ = {isa = PBXFileReference; lastKnownFileType = sourcecode.swift; path = LocationViewModel.swift; sourceTree = "<group>"; };
		63F3B800261F6DB700502AF6 /* MulticolorPolyline.swift */ = {isa = PBXFileReference; lastKnownFileType = sourcecode.swift; path = MulticolorPolyline.swift; sourceTree = "<group>"; };
/* End PBXFileReference section */

/* Begin PBXFrameworksBuildPhase section */
		634659AA261E1BA500460166 /* Frameworks */ = {
			isa = PBXFrameworksBuildPhase;
			buildActionMask = 2147483647;
			files = (
				631B94402621038D00D45E7F /* HealthKit.framework in Frameworks */,
				634659D7261E1C0800460166 /* CloudKit.framework in Frameworks */,
				635589462620E816003264E8 /* CoreData.framework in Frameworks */,
			);
			runOnlyForDeploymentPostprocessing = 0;
		};
		6348DDF92C21355700AE97C8 /* Frameworks */ = {
			isa = PBXFrameworksBuildPhase;
			buildActionMask = 2147483647;
			files = (
				6348DE012C21355700AE97C8 /* RealityKitContent in Frameworks */,
			);
			runOnlyForDeploymentPostprocessing = 0;
		};
		6348DE0D2C21355800AE97C8 /* Frameworks */ = {
			isa = PBXFrameworksBuildPhase;
			buildActionMask = 2147483647;
			files = (
			);
			runOnlyForDeploymentPostprocessing = 0;
		};
		63B68B3A261E074900CCA935 /* Frameworks */ = {
			isa = PBXFrameworksBuildPhase;
			buildActionMask = 2147483647;
			files = (
				63B68B7A261E078B00CCA935 /* CloudKit.framework in Frameworks */,
			);
			runOnlyForDeploymentPostprocessing = 0;
		};
		63B68B42261E074900CCA935 /* Frameworks */ = {
			isa = PBXFrameworksBuildPhase;
			buildActionMask = 2147483647;
			files = (
				634659F8261E267200460166 /* CloudKit.framework in Frameworks */,
			);
			runOnlyForDeploymentPostprocessing = 0;
		};
		63B68B4A261E074900CCA935 /* Frameworks */ = {
			isa = PBXFrameworksBuildPhase;
			buildActionMask = 2147483647;
			files = (
			);
			runOnlyForDeploymentPostprocessing = 0;
		};
		63B68B55261E074900CCA935 /* Frameworks */ = {
			isa = PBXFrameworksBuildPhase;
			buildActionMask = 2147483647;
			files = (
			);
			runOnlyForDeploymentPostprocessing = 0;
		};
/* End PBXFrameworksBuildPhase section */

/* Begin PBXGroup section */
		634659A5261E1BA100460166 /* Backfire Watch */ = {
			isa = PBXGroup;
			children = (
				634659A6261E1BA400460166 /* Assets.xcassets */,
				634659A8261E1BA400460166 /* Info.plist */,
			);
			path = "Backfire Watch";
			sourceTree = "<group>";
		};
		634659B1261E1BA500460166 /* Backfire Extension */ = {
			isa = PBXGroup;
			children = (
				634659B8261E1BA500460166 /* Assets.xcassets */,
				634659CF261E1C0300460166 /* Backfire Extension.entitlements */,
				634659B4261E1BA500460166 /* BackfireApp.swift */,
				634659B6261E1BA500460166 /* ComplicationController.swift */,
				634659B2261E1BA500460166 /* ContentView.swift */,
				630A805F262B2C4D005BBE89 /* ExtendedSessionCoordinator.swift */,
				631B94412621044A00D45E7F /* HealthTracking.swift */,
				634659BD261E1BA500460166 /* Info.plist */,
				634659BA261E1BA500460166 /* Preview Content */,
			);
			path = "Backfire Extension";
			sourceTree = "<group>";
		};
		634659BA261E1BA500460166 /* Preview Content */ = {
			isa = PBXGroup;
			children = (
				634659BB261E1BA500460166 /* Preview Assets.xcassets */,
			);
			path = "Preview Content";
			sourceTree = "<group>";
		};
		6348DDFD2C21355700AE97C8 /* Backfire Vision */ = {
			isa = PBXGroup;
			children = (
				6348DE1C2C2135D200AE97C8 /* Backfire Vision.entitlements */,
				6348DE022C21355700AE97C8 /* Backfire_VisionApp.swift */,
				6348DE042C21355700AE97C8 /* ContentView.swift */,
				6348DE062C21355800AE97C8 /* Assets.xcassets */,
				6348DE0B2C21355800AE97C8 /* Info.plist */,
				6348DE082C21355800AE97C8 /* Preview Content */,
			);
			path = "Backfire Vision";
			sourceTree = "<group>";
		};
		6348DDFE2C21355700AE97C8 /* Packages */ = {
			isa = PBXGroup;
			children = (
				6348DDFF2C21355700AE97C8 /* RealityKitContent */,
			);
			path = Packages;
			sourceTree = "<group>";
		};
		6348DE082C21355800AE97C8 /* Preview Content */ = {
			isa = PBXGroup;
			children = (
				6348DE092C21355800AE97C8 /* Preview Assets.xcassets */,
			);
			path = "Preview Content";
			sourceTree = "<group>";
		};
		6348DE132C21355800AE97C8 /* Backfire VisionTests */ = {
			isa = PBXGroup;
			children = (
				6348DE142C21355800AE97C8 /* Backfire_VisionTests.swift */,
			);
			path = "Backfire VisionTests";
			sourceTree = "<group>";
		};
		637A592E2C28F89900E936EE /* Contrib */ = {
			isa = PBXGroup;
			children = (
				637A59292C28F75200E936EE /* SyncMonitor.swift */,
			);
			path = Contrib;
			sourceTree = "<group>";
		};
		63B68B2D261E074500CCA935 = {
			isa = PBXGroup;
			children = (
				63B68B77261E078600CCA935 /* Backfire.entitlements */,
				63B68B32261E074500CCA935 /* Shared */,
				63B68B3F261E074900CCA935 /* iOS */,
				63B68B46261E074900CCA935 /* macOS */,
				634659B1261E1BA500460166 /* Backfire Extension */,
				63B68B50261E074900CCA935 /* Tests iOS */,
				63B68B5B261E074900CCA935 /* Tests macOS */,
				634659A5261E1BA100460166 /* Backfire Watch */,
				6348DDFD2C21355700AE97C8 /* Backfire Vision */,
				6348DDFE2C21355700AE97C8 /* Packages */,
				6348DE132C21355800AE97C8 /* Backfire VisionTests */,
				63B68B3E261E074900CCA935 /* Products */,
				63B68B78261E078B00CCA935 /* Frameworks */,
			);
			sourceTree = "<group>";
		};
		63B68B32261E074500CCA935 /* Shared */ = {
			isa = PBXGroup;
			children = (
				63B68B38261E074900CCA935 /* Assets.xcassets */,
				63B68B33261E074500CCA935 /* Backfire.xcdatamodeld */,
				63B68B35261E074500CCA935 /* BackfireApp.swift */,
				63465998261E1B2500460166 /* BackfireAppDebug.swift */,
				63465999261E1B2500460166 /* BackfireBLEManager.swift */,
				636C49132C39E11C0060C607 /* FullMapView.swift */,
				63D80DB826252E74008222CF /* Helper.swift */,
				634659FF261E31DD00460166 /* LocationManager.swift */,
				6338E3162623A2A50046ABBC /* LocalizeNumbers.swift */,
				63F3B7FA261F5B8500502AF6 /* LocationViewModel.swift */,
				63F3B7F4261F584500502AF6 /* MapView.swift */,
				63F3B7F7261F5B5500502AF6 /* MapViewCoordinator.swift */,
				63F3B800261F6DB700502AF6 /* MulticolorPolyline.swift */,
				63B68B37261E074500CCA935 /* Persistence.swift */,
				63D80DAF26251060008222CF /* RideDetailsText.swift */,
				63F3B7EE261E8FFA00502AF6 /* RideDetailView.swift */,
				63D65E4E262C631300CEEE4F /* SettingsView.swift */,
				63B68B36261E074500CCA935 /* TripView.swift */,
				637A592E2C28F89900E936EE /* Contrib */,
			);
			path = Shared;
			sourceTree = "<group>";
		};
		63B68B3E261E074900CCA935 /* Products */ = {
			isa = PBXGroup;
			children = (
				63B68B3D261E074900CCA935 /* Backfire.app */,
				63B68B45261E074900CCA935 /* Backfire.app */,
				63B68B4D261E074900CCA935 /* Tests iOS.xctest */,
				63B68B58261E074900CCA935 /* Tests macOS.xctest */,
				634659A4261E1BA100460166 /* Backfire.app */,
				6348DDFC2C21355700AE97C8 /* Backfire Vision.app */,
				6348DE102C21355800AE97C8 /* Backfire VisionTests.xctest */,
			);
			name = Products;
			sourceTree = "<group>";
		};
		63B68B3F261E074900CCA935 /* iOS */ = {
			isa = PBXGroup;
			children = (
				63465991261E1B0600460166 /* ContentView.swift */,
				63B68B40261E074900CCA935 /* Info.plist */,
			);
			path = iOS;
			sourceTree = "<group>";
		};
		63B68B46261E074900CCA935 /* macOS */ = {
			isa = PBXGroup;
			children = (
				63B68B47261E074900CCA935 /* Info.plist */,
				6338E2E4262336B80046ABBC /* MapView.swift */,
				63B68B48261E074900CCA935 /* macOS.entitlements */,
			);
			path = macOS;
			sourceTree = "<group>";
		};
		63B68B50261E074900CCA935 /* Tests iOS */ = {
			isa = PBXGroup;
			children = (
				63B68B51261E074900CCA935 /* Tests_iOS.swift */,
				63B68B53261E074900CCA935 /* Info.plist */,
			);
			path = "Tests iOS";
			sourceTree = "<group>";
		};
		63B68B5B261E074900CCA935 /* Tests macOS */ = {
			isa = PBXGroup;
			children = (
				63B68B5C261E074900CCA935 /* Tests_macOS.swift */,
				63B68B5E261E074900CCA935 /* Info.plist */,
			);
			path = "Tests macOS";
			sourceTree = "<group>";
		};
		63B68B78261E078B00CCA935 /* Frameworks */ = {
			isa = PBXGroup;
			children = (
				631B943F2621038D00D45E7F /* HealthKit.framework */,
				635589452620E816003264E8 /* CoreData.framework */,
				634659F7261E267200460166 /* CloudKit.framework */,
				634659D6261E1C0800460166 /* CloudKit.framework */,
				63B68B79261E078B00CCA935 /* CloudKit.framework */,
			);
			name = Frameworks;
			sourceTree = "<group>";
		};
/* End PBXGroup section */

/* Begin PBXNativeTarget section */
		634659A3261E1BA100460166 /* Backfire */ = {
			isa = PBXNativeTarget;
			buildConfigurationList = 634659C5261E1BA500460166 /* Build configuration list for PBXNativeTarget "Backfire" */;
			buildPhases = (
				634659A2261E1BA100460166 /* Resources */,
				634659A9261E1BA500460166 /* Sources */,
				634659AA261E1BA500460166 /* Frameworks */,
				636EDFD52C14A95D004B6603 /* ShellScript */,
			);
			buildRules = (
			);
			dependencies = (
			);
			name = Backfire;
			productName = Backfire;
			productReference = 634659A4261E1BA100460166 /* Backfire.app */;
			productType = "com.apple.product-type.application";
		};
		6348DDFB2C21355700AE97C8 /* Backfire Vision */ = {
			isa = PBXNativeTarget;
			buildConfigurationList = 6348DE162C21355800AE97C8 /* Build configuration list for PBXNativeTarget "Backfire Vision" */;
			buildPhases = (
				6348DDF82C21355700AE97C8 /* Sources */,
				6348DDF92C21355700AE97C8 /* Frameworks */,
				6348DDFA2C21355700AE97C8 /* Resources */,
			);
			buildRules = (
			);
			dependencies = (
			);
			name = "Backfire Vision";
			packageProductDependencies = (
				6348DE002C21355700AE97C8 /* RealityKitContent */,
			);
			productName = "Backfire Vision";
			productReference = 6348DDFC2C21355700AE97C8 /* Backfire Vision.app */;
			productType = "com.apple.product-type.application";
		};
		6348DE0F2C21355800AE97C8 /* Backfire VisionTests */ = {
			isa = PBXNativeTarget;
			buildConfigurationList = 6348DE192C21355800AE97C8 /* Build configuration list for PBXNativeTarget "Backfire VisionTests" */;
			buildPhases = (
				6348DE0C2C21355800AE97C8 /* Sources */,
				6348DE0D2C21355800AE97C8 /* Frameworks */,
				6348DE0E2C21355800AE97C8 /* Resources */,
			);
			buildRules = (
			);
			dependencies = (
				6348DE122C21355800AE97C8 /* PBXTargetDependency */,
			);
			name = "Backfire VisionTests";
			productName = "Backfire VisionTests";
			productReference = 6348DE102C21355800AE97C8 /* Backfire VisionTests.xctest */;
			productType = "com.apple.product-type.bundle.unit-test";
		};
		63B68B3C261E074900CCA935 /* Backfire (iOS) */ = {
			isa = PBXNativeTarget;
			buildConfigurationList = 63B68B6B261E074900CCA935 /* Build configuration list for PBXNativeTarget "Backfire (iOS)" */;
			buildPhases = (
				63B68B39261E074900CCA935 /* Sources */,
				63B68B3A261E074900CCA935 /* Frameworks */,
				63B68B3B261E074900CCA935 /* Resources */,
				634659C8261E1BA500460166 /* Embed Watch Content */,
				635E61D32C13C51000C03081 /* ShellScript */,
			);
			buildRules = (
			);
			dependencies = (
				634659BF261E1BA500460166 /* PBXTargetDependency */,
			);
			name = "Backfire (iOS)";
			productName = "Backfire (iOS)";
			productReference = 63B68B3D261E074900CCA935 /* Backfire.app */;
			productType = "com.apple.product-type.application";
		};
		63B68B44261E074900CCA935 /* Backfire (macOS) */ = {
			isa = PBXNativeTarget;
			buildConfigurationList = 63B68B6E261E074900CCA935 /* Build configuration list for PBXNativeTarget "Backfire (macOS)" */;
			buildPhases = (
				63B68B41261E074900CCA935 /* Sources */,
				63B68B42261E074900CCA935 /* Frameworks */,
				63B68B43261E074900CCA935 /* Resources */,
				635DAAE6263E426F00B15B46 /* ShellScript */,
			);
			buildRules = (
			);
			dependencies = (
			);
			name = "Backfire (macOS)";
			productName = "Backfire (macOS)";
			productReference = 63B68B45261E074900CCA935 /* Backfire.app */;
			productType = "com.apple.product-type.application";
		};
		63B68B4C261E074900CCA935 /* Tests iOS */ = {
			isa = PBXNativeTarget;
			buildConfigurationList = 63B68B71261E074900CCA935 /* Build configuration list for PBXNativeTarget "Tests iOS" */;
			buildPhases = (
				63B68B49261E074900CCA935 /* Sources */,
				63B68B4A261E074900CCA935 /* Frameworks */,
				63B68B4B261E074900CCA935 /* Resources */,
			);
			buildRules = (
			);
			dependencies = (
				63B68B4F261E074900CCA935 /* PBXTargetDependency */,
			);
			name = "Tests iOS";
			productName = "Tests iOS";
			productReference = 63B68B4D261E074900CCA935 /* Tests iOS.xctest */;
			productType = "com.apple.product-type.bundle.ui-testing";
		};
		63B68B57261E074900CCA935 /* Tests macOS */ = {
			isa = PBXNativeTarget;
			buildConfigurationList = 63B68B74261E074900CCA935 /* Build configuration list for PBXNativeTarget "Tests macOS" */;
			buildPhases = (
				63B68B54261E074900CCA935 /* Sources */,
				63B68B55261E074900CCA935 /* Frameworks */,
				63B68B56261E074900CCA935 /* Resources */,
			);
			buildRules = (
			);
			dependencies = (
				63B68B5A261E074900CCA935 /* PBXTargetDependency */,
			);
			name = "Tests macOS";
			productName = "Tests macOS";
			productReference = 63B68B58261E074900CCA935 /* Tests macOS.xctest */;
			productType = "com.apple.product-type.bundle.ui-testing";
		};
/* End PBXNativeTarget section */

/* Begin PBXProject section */
		63B68B2E261E074500CCA935 /* Project object */ = {
			isa = PBXProject;
			attributes = {
				BuildIndependentTargetsInParallel = YES;
				LastSwiftUpdateCheck = 1540;
				LastUpgradeCheck = 1540;
				TargetAttributes = {
					634659A3261E1BA100460166 = {
						CreatedOnToolsVersion = 12.4;
					};
					6348DDFB2C21355700AE97C8 = {
						CreatedOnToolsVersion = 15.4;
					};
					6348DE0F2C21355800AE97C8 = {
						CreatedOnToolsVersion = 15.4;
						TestTargetID = 6348DDFB2C21355700AE97C8;
					};
					63B68B3C261E074900CCA935 = {
						CreatedOnToolsVersion = 12.5;
					};
					63B68B44261E074900CCA935 = {
						CreatedOnToolsVersion = 12.5;
					};
					63B68B4C261E074900CCA935 = {
						CreatedOnToolsVersion = 12.5;
						TestTargetID = 63B68B3C261E074900CCA935;
					};
					63B68B57261E074900CCA935 = {
						CreatedOnToolsVersion = 12.5;
						TestTargetID = 63B68B44261E074900CCA935;
					};
				};
			};
			buildConfigurationList = 63B68B31261E074500CCA935 /* Build configuration list for PBXProject "Backfire" */;
			compatibilityVersion = "Xcode 9.3";
			developmentRegion = en;
			hasScannedForEncodings = 0;
			knownRegions = (
				en,
				Base,
			);
			mainGroup = 63B68B2D261E074500CCA935;
			productRefGroup = 63B68B3E261E074900CCA935 /* Products */;
			projectDirPath = "";
			projectRoot = "";
			targets = (
				63B68B3C261E074900CCA935 /* Backfire (iOS) */,
				63B68B44261E074900CCA935 /* Backfire (macOS) */,
				63B68B4C261E074900CCA935 /* Tests iOS */,
				63B68B57261E074900CCA935 /* Tests macOS */,
				634659A3261E1BA100460166 /* Backfire */,
				6348DDFB2C21355700AE97C8 /* Backfire Vision */,
				6348DE0F2C21355800AE97C8 /* Backfire VisionTests */,
			);
		};
/* End PBXProject section */

/* Begin PBXResourcesBuildPhase section */
		634659A2261E1BA100460166 /* Resources */ = {
			isa = PBXResourcesBuildPhase;
			buildActionMask = 2147483647;
			files = (
				634659BC261E1BA500460166 /* Preview Assets.xcassets in Resources */,
				634659B9261E1BA500460166 /* Assets.xcassets in Resources */,
				634659A7261E1BA400460166 /* Assets.xcassets in Resources */,
			);
			runOnlyForDeploymentPostprocessing = 0;
		};
		6348DDFA2C21355700AE97C8 /* Resources */ = {
			isa = PBXResourcesBuildPhase;
			buildActionMask = 2147483647;
			files = (
				6348DE0A2C21355800AE97C8 /* Preview Assets.xcassets in Resources */,
				6348DE072C21355800AE97C8 /* Assets.xcassets in Resources */,
			);
			runOnlyForDeploymentPostprocessing = 0;
		};
		6348DE0E2C21355800AE97C8 /* Resources */ = {
			isa = PBXResourcesBuildPhase;
			buildActionMask = 2147483647;
			files = (
			);
			runOnlyForDeploymentPostprocessing = 0;
		};
		63B68B3B261E074900CCA935 /* Resources */ = {
			isa = PBXResourcesBuildPhase;
			buildActionMask = 2147483647;
			files = (
				63B68B67261E074900CCA935 /* Assets.xcassets in Resources */,
			);
			runOnlyForDeploymentPostprocessing = 0;
		};
		63B68B43261E074900CCA935 /* Resources */ = {
			isa = PBXResourcesBuildPhase;
			buildActionMask = 2147483647;
			files = (
				63B68B68261E074900CCA935 /* Assets.xcassets in Resources */,
			);
			runOnlyForDeploymentPostprocessing = 0;
		};
		63B68B4B261E074900CCA935 /* Resources */ = {
			isa = PBXResourcesBuildPhase;
			buildActionMask = 2147483647;
			files = (
			);
			runOnlyForDeploymentPostprocessing = 0;
		};
		63B68B56261E074900CCA935 /* Resources */ = {
			isa = PBXResourcesBuildPhase;
			buildActionMask = 2147483647;
			files = (
			);
			runOnlyForDeploymentPostprocessing = 0;
		};
/* End PBXResourcesBuildPhase section */

/* Begin PBXShellScriptBuildPhase section */
		635DAAE6263E426F00B15B46 /* ShellScript */ = {
			isa = PBXShellScriptBuildPhase;
			alwaysOutOfDate = 1;
			buildActionMask = 2147483647;
			files = (
			);
			inputFileListPaths = (
			);
			inputPaths = (
			);
			outputFileListPaths = (
			);
			outputPaths = (
			);
			runOnlyForDeploymentPostprocessing = 0;
			shellPath = /bin/sh;
			shellScript = "# Type a script or drag a script file from your workspace to insert its path.\n# Type a script or drag a script file from your workspace to insert its path.\nif [[ \"$(uname -m)\" == arm64 ]]; then\n    export PATH=\"/opt/homebrew/bin:$PATH\"\nfi\n\nif which swiftlint > /dev/null; then\n  swiftlint\nfi\n";
		};
		635E61D32C13C51000C03081 /* ShellScript */ = {
			isa = PBXShellScriptBuildPhase;
			alwaysOutOfDate = 1;
			buildActionMask = 2147483647;
			files = (
			);
			inputFileListPaths = (
			);
			inputPaths = (
			);
			outputFileListPaths = (
			);
			outputPaths = (
			);
			runOnlyForDeploymentPostprocessing = 0;
			shellPath = /bin/sh;
			shellScript = "# Type a script or drag a script file from your workspace to insert its path.\nif [[ \"$(uname -m)\" == arm64 ]]; then\n    export PATH=\"/opt/homebrew/bin:$PATH\"\nfi\n\nif which swiftlint > /dev/null; then\n  swiftlint\nfi\n";
		};
		636EDFD52C14A95D004B6603 /* ShellScript */ = {
			isa = PBXShellScriptBuildPhase;
			alwaysOutOfDate = 1;
			buildActionMask = 2147483647;
			files = (
			);
			inputFileListPaths = (
			);
			inputPaths = (
			);
			outputFileListPaths = (
			);
			outputPaths = (
			);
			runOnlyForDeploymentPostprocessing = 0;
			shellPath = /bin/sh;
			shellScript = "# Type a script or drag a script file from your workspace to insert its path.\nif [[ \"$(uname -m)\" == arm64 ]]; then\n    export PATH=\"/opt/homebrew/bin:$PATH\"\nfi\n\nif which swiftlint > /dev/null; then\n  swiftlint\nfi\n";
		};
/* End PBXShellScriptBuildPhase section */

/* Begin PBXSourcesBuildPhase section */
		634659A9261E1BA500460166 /* Sources */ = {
			isa = PBXSourcesBuildPhase;
			buildActionMask = 2147483647;
			files = (
				63D65E50262C631300CEEE4F /* SettingsView.swift in Sources */,
				630A8060262B2C4D005BBE89 /* ExtendedSessionCoordinator.swift in Sources */,
				63D80DBB26252E74008222CF /* Helper.swift in Sources */,
				634659B5261E1BA500460166 /* BackfireApp.swift in Sources */,
				634659B3261E1BA500460166 /* ContentView.swift in Sources */,
				63465A02261E31DD00460166 /* LocationManager.swift in Sources */,
				634659B7261E1BA500460166 /* ComplicationController.swift in Sources */,
				634659DE261E1CB600460166 /* BackfireBLEManager.swift in Sources */,
				6338E3192623A2A50046ABBC /* LocalizeNumbers.swift in Sources */,
				631B94422621044A00D45E7F /* HealthTracking.swift in Sources */,
				637A592C2C28F75200E936EE /* SyncMonitor.swift in Sources */,
				6355894D2620E84B003264E8 /* Backfire.xcdatamodeld in Sources */,
				635589542620E884003264E8 /* Persistence.swift in Sources */,
			);
			runOnlyForDeploymentPostprocessing = 0;
		};
		6348DDF82C21355700AE97C8 /* Sources */ = {
			isa = PBXSourcesBuildPhase;
			buildActionMask = 2147483647;
			files = (
				6348DE292C21370800AE97C8 /* Persistence.swift in Sources */,
				637A592D2C28F75200E936EE /* SyncMonitor.swift in Sources */,
				6348DE282C2136AB00AE97C8 /* LocationManager.swift in Sources */,
				6348DE1D2C21365000AE97C8 /* Backfire.xcdatamodeld in Sources */,
				6348DE1E2C21365000AE97C8 /* Helper.swift in Sources */,
				6348DE1F2C21365000AE97C8 /* LocalizeNumbers.swift in Sources */,
				6348DE202C21365000AE97C8 /* LocationViewModel.swift in Sources */,
				6348DE212C21365000AE97C8 /* MapView.swift in Sources */,
				636C49162C39E11C0060C607 /* FullMapView.swift in Sources */,
				6348DE222C21365000AE97C8 /* MapViewCoordinator.swift in Sources */,
				6348DE232C21365000AE97C8 /* MulticolorPolyline.swift in Sources */,
				6348DE242C21365000AE97C8 /* RideDetailsText.swift in Sources */,
				6348DE252C21365000AE97C8 /* RideDetailView.swift in Sources */,
				6348DE262C21365000AE97C8 /* SettingsView.swift in Sources */,
				6348DE272C21365000AE97C8 /* TripView.swift in Sources */,
				6348DE052C21355700AE97C8 /* ContentView.swift in Sources */,
				6348DE032C21355700AE97C8 /* Backfire_VisionApp.swift in Sources */,
			);
			runOnlyForDeploymentPostprocessing = 0;
		};
		6348DE0C2C21355800AE97C8 /* Sources */ = {
			isa = PBXSourcesBuildPhase;
			buildActionMask = 2147483647;
			files = (
				6348DE152C21355800AE97C8 /* Backfire_VisionTests.swift in Sources */,
			);
			runOnlyForDeploymentPostprocessing = 0;
		};
		63B68B39261E074900CCA935 /* Sources */ = {
			isa = PBXSourcesBuildPhase;
			buildActionMask = 2147483647;
			files = (
				6346599C261E1B2500460166 /* BackfireBLEManager.swift in Sources */,
				63F3B7EF261E8FFA00502AF6 /* RideDetailView.swift in Sources */,
				63D65E4F262C631300CEEE4F /* SettingsView.swift in Sources */,
				63B68B61261E074900CCA935 /* BackfireApp.swift in Sources */,
				63F3B7F5261F584500502AF6 /* MapView.swift in Sources */,
				63F3B7F8261F5B5500502AF6 /* MapViewCoordinator.swift in Sources */,
				63465992261E1B0600460166 /* ContentView.swift in Sources */,
				63B68B65261E074900CCA935 /* Persistence.swift in Sources */,
				63F3B801261F6DB700502AF6 /* MulticolorPolyline.swift in Sources */,
				63D80DB926252E74008222CF /* Helper.swift in Sources */,
				63465A00261E31DD00460166 /* LocationManager.swift in Sources */,
				63B68B5F261E074900CCA935 /* Backfire.xcdatamodeld in Sources */,
				6338E3172623A2A50046ABBC /* LocalizeNumbers.swift in Sources */,
				63F3B7FB261F5B8500502AF6 /* LocationViewModel.swift in Sources */,
				636C49142C39E11C0060C607 /* FullMapView.swift in Sources */,
				6346599A261E1B2500460166 /* BackfireAppDebug.swift in Sources */,
				63B68B63261E074900CCA935 /* TripView.swift in Sources */,
				63D80DB026251060008222CF /* RideDetailsText.swift in Sources */,
				637A592A2C28F75200E936EE /* SyncMonitor.swift in Sources */,
			);
			runOnlyForDeploymentPostprocessing = 0;
		};
		63B68B41261E074900CCA935 /* Sources */ = {
			isa = PBXSourcesBuildPhase;
			buildActionMask = 2147483647;
			files = (
				6346599D261E1B2500460166 /* BackfireBLEManager.swift in Sources */,
				63F3B7F0261E8FFA00502AF6 /* RideDetailView.swift in Sources */,
				63B68B62261E074900CCA935 /* BackfireApp.swift in Sources */,
				63F3B7F9261F5B5500502AF6 /* MapViewCoordinator.swift in Sources */,
				63465993261E1B0600460166 /* ContentView.swift in Sources */,
				63B68B66261E074900CCA935 /* Persistence.swift in Sources */,
				6338E2E5262336B80046ABBC /* MapView.swift in Sources */,
				63F3B802261F6DB700502AF6 /* MulticolorPolyline.swift in Sources */,
				63D80DBA26252E74008222CF /* Helper.swift in Sources */,
				637A592B2C28F75200E936EE /* SyncMonitor.swift in Sources */,
				63465A01261E31DD00460166 /* LocationManager.swift in Sources */,
				63B68B60261E074900CCA935 /* Backfire.xcdatamodeld in Sources */,
				636C49152C39E11C0060C607 /* FullMapView.swift in Sources */,
				6338E3182623A2A50046ABBC /* LocalizeNumbers.swift in Sources */,
				63F3B7FC261F5B8500502AF6 /* LocationViewModel.swift in Sources */,
				6346599B261E1B2500460166 /* BackfireAppDebug.swift in Sources */,
				63B68B64261E074900CCA935 /* TripView.swift in Sources */,
				63D80DB126251060008222CF /* RideDetailsText.swift in Sources */,
			);
			runOnlyForDeploymentPostprocessing = 0;
		};
		63B68B49261E074900CCA935 /* Sources */ = {
			isa = PBXSourcesBuildPhase;
			buildActionMask = 2147483647;
			files = (
				63B68B52261E074900CCA935 /* Tests_iOS.swift in Sources */,
			);
			runOnlyForDeploymentPostprocessing = 0;
		};
		63B68B54261E074900CCA935 /* Sources */ = {
			isa = PBXSourcesBuildPhase;
			buildActionMask = 2147483647;
			files = (
				63B68B5D261E074900CCA935 /* Tests_macOS.swift in Sources */,
			);
			runOnlyForDeploymentPostprocessing = 0;
		};
/* End PBXSourcesBuildPhase section */

/* Begin PBXTargetDependency section */
		634659BF261E1BA500460166 /* PBXTargetDependency */ = {
			isa = PBXTargetDependency;
			target = 634659A3261E1BA100460166 /* Backfire */;
			targetProxy = 634659BE261E1BA500460166 /* PBXContainerItemProxy */;
		};
		6348DE122C21355800AE97C8 /* PBXTargetDependency */ = {
			isa = PBXTargetDependency;
			target = 6348DDFB2C21355700AE97C8 /* Backfire Vision */;
			targetProxy = 6348DE112C21355800AE97C8 /* PBXContainerItemProxy */;
		};
		63B68B4F261E074900CCA935 /* PBXTargetDependency */ = {
			isa = PBXTargetDependency;
			target = 63B68B3C261E074900CCA935 /* Backfire (iOS) */;
			targetProxy = 63B68B4E261E074900CCA935 /* PBXContainerItemProxy */;
		};
		63B68B5A261E074900CCA935 /* PBXTargetDependency */ = {
			isa = PBXTargetDependency;
			target = 63B68B44261E074900CCA935 /* Backfire (macOS) */;
			targetProxy = 63B68B59261E074900CCA935 /* PBXContainerItemProxy */;
		};
/* End PBXTargetDependency section */

/* Begin XCBuildConfiguration section */
		634659C6261E1BA500460166 /* Debug */ = {
			isa = XCBuildConfiguration;
			buildSettings = {
				ALWAYS_EMBED_SWIFT_STANDARD_LIBRARIES = YES;
				ASSETCATALOG_COMPILER_APPICON_NAME = AppIcon;
				ASSETCATALOG_COMPILER_COMPLICATION_NAME = Complication;
				ASSETCATALOG_COMPILER_GLOBAL_ACCENT_COLOR_NAME = AccentColor;
				CODE_SIGN_ENTITLEMENTS = "Backfire Extension/Backfire Extension.entitlements";
				CODE_SIGN_STYLE = Automatic;
				CURRENT_PROJECT_VERSION = 45;
				DEVELOPMENT_TEAM = 9JALHNGRBQ;
				INFOPLIST_FILE = "Backfire Watch/Info.plist";
				LD_RUNPATH_SEARCH_PATHS = (
					"@executable_path/Frameworks",
					"@executable_path/../../Frameworks",
				);
				MARKETING_VERSION = 1.1.3;
				PRODUCT_BUNDLE_IDENTIFIER = org.davidjensenius.Backfire.watchkitapp;
				PRODUCT_NAME = "$(TARGET_NAME)";
				SDKROOT = watchos;
				SKIP_INSTALL = YES;
				SWIFT_VERSION = 5.0;
				TARGETED_DEVICE_FAMILY = 4;
				WATCHOS_DEPLOYMENT_TARGET = 10.0;
			};
			name = Debug;
		};
		634659C7261E1BA500460166 /* Release */ = {
			isa = XCBuildConfiguration;
			buildSettings = {
				ALWAYS_EMBED_SWIFT_STANDARD_LIBRARIES = YES;
				ASSETCATALOG_COMPILER_APPICON_NAME = AppIcon;
				ASSETCATALOG_COMPILER_COMPLICATION_NAME = Complication;
				ASSETCATALOG_COMPILER_GLOBAL_ACCENT_COLOR_NAME = AccentColor;
				CODE_SIGN_ENTITLEMENTS = "Backfire Extension/Backfire Extension.entitlements";
				CODE_SIGN_STYLE = Automatic;
				CURRENT_PROJECT_VERSION = 45;
				DEVELOPMENT_TEAM = 9JALHNGRBQ;
				INFOPLIST_FILE = "Backfire Watch/Info.plist";
				LD_RUNPATH_SEARCH_PATHS = (
					"@executable_path/Frameworks",
					"@executable_path/../../Frameworks",
				);
				MARKETING_VERSION = 1.1.3;
				PRODUCT_BUNDLE_IDENTIFIER = org.davidjensenius.Backfire.watchkitapp;
				PRODUCT_NAME = "$(TARGET_NAME)";
				SDKROOT = watchos;
				SKIP_INSTALL = YES;
				SWIFT_VERSION = 5.0;
				TARGETED_DEVICE_FAMILY = 4;
				VALIDATE_PRODUCT = YES;
				WATCHOS_DEPLOYMENT_TARGET = 10.0;
			};
			name = Release;
		};
		6348DE172C21355800AE97C8 /* Debug */ = {
			isa = XCBuildConfiguration;
			buildSettings = {
				ASSETCATALOG_COMPILER_APPICON_NAME = AppIcon;
				ASSETCATALOG_COMPILER_GENERATE_SWIFT_ASSET_SYMBOL_EXTENSIONS = YES;
				ASSETCATALOG_COMPILER_GLOBAL_ACCENT_COLOR_NAME = AccentColor;
				CLANG_CXX_LANGUAGE_STANDARD = "gnu++20";
				CODE_SIGN_ENTITLEMENTS = "Backfire Vision/Backfire Vision.entitlements";
				CODE_SIGN_STYLE = Automatic;
				CURRENT_PROJECT_VERSION = 1;
				DEVELOPMENT_ASSET_PATHS = "\"Backfire Vision/Preview Content\"";
				DEVELOPMENT_TEAM = 9JALHNGRBQ;
				ENABLE_PREVIEWS = YES;
				ENABLE_USER_SCRIPT_SANDBOXING = YES;
				GCC_C_LANGUAGE_STANDARD = gnu17;
				GENERATE_INFOPLIST_FILE = YES;
				INFOPLIST_FILE = "$(TARGET_NAME)/Info.plist";
				INFOPLIST_KEY_CFBundleDisplayName = Backfire;
				LD_RUNPATH_SEARCH_PATHS = (
					"$(inherited)",
					"@executable_path/Frameworks",
				);
				LOCALIZATION_PREFERS_STRING_CATALOGS = YES;
				MARKETING_VERSION = 1.1.3;
				PRODUCT_BUNDLE_IDENTIFIER = org.davidjensenius.Backfire;
				PRODUCT_NAME = "$(TARGET_NAME)";
				SDKROOT = xros;
				SUPPORTED_PLATFORMS = "xros xrsimulator";
				SWIFT_ACTIVE_COMPILATION_CONDITIONS = "DEBUG $(inherited)";
				SWIFT_EMIT_LOC_STRINGS = YES;
				SWIFT_VERSION = 5.0;
				TARGETED_DEVICE_FAMILY = "1,2,7";
				XROS_DEPLOYMENT_TARGET = 1.2;
			};
			name = Debug;
		};
		6348DE182C21355800AE97C8 /* Release */ = {
			isa = XCBuildConfiguration;
			buildSettings = {
				ASSETCATALOG_COMPILER_APPICON_NAME = AppIcon;
				ASSETCATALOG_COMPILER_GENERATE_SWIFT_ASSET_SYMBOL_EXTENSIONS = YES;
				ASSETCATALOG_COMPILER_GLOBAL_ACCENT_COLOR_NAME = AccentColor;
				CLANG_CXX_LANGUAGE_STANDARD = "gnu++20";
				CODE_SIGN_ENTITLEMENTS = "Backfire Vision/Backfire Vision.entitlements";
				CODE_SIGN_STYLE = Automatic;
				CURRENT_PROJECT_VERSION = 1;
				DEVELOPMENT_ASSET_PATHS = "\"Backfire Vision/Preview Content\"";
				DEVELOPMENT_TEAM = 9JALHNGRBQ;
				ENABLE_PREVIEWS = YES;
				ENABLE_USER_SCRIPT_SANDBOXING = YES;
				GCC_C_LANGUAGE_STANDARD = gnu17;
				GENERATE_INFOPLIST_FILE = YES;
				INFOPLIST_FILE = "$(TARGET_NAME)/Info.plist";
				INFOPLIST_KEY_CFBundleDisplayName = Backfire;
				LD_RUNPATH_SEARCH_PATHS = (
					"$(inherited)",
					"@executable_path/Frameworks",
				);
				LOCALIZATION_PREFERS_STRING_CATALOGS = YES;
				MARKETING_VERSION = 1.1.3;
				PRODUCT_BUNDLE_IDENTIFIER = org.davidjensenius.Backfire;
				PRODUCT_NAME = "$(TARGET_NAME)";
				SDKROOT = xros;
				SUPPORTED_PLATFORMS = "xros xrsimulator";
				SWIFT_EMIT_LOC_STRINGS = YES;
				SWIFT_VERSION = 5.0;
				TARGETED_DEVICE_FAMILY = "1,2,7";
				VALIDATE_PRODUCT = YES;
				XROS_DEPLOYMENT_TARGET = 1.2;
			};
			name = Release;
		};
		6348DE1A2C21355800AE97C8 /* Debug */ = {
			isa = XCBuildConfiguration;
			buildSettings = {
				ALWAYS_EMBED_SWIFT_STANDARD_LIBRARIES = YES;
				ASSETCATALOG_COMPILER_GENERATE_SWIFT_ASSET_SYMBOL_EXTENSIONS = YES;
				BUNDLE_LOADER = "$(TEST_HOST)";
				CLANG_CXX_LANGUAGE_STANDARD = "gnu++20";
				CODE_SIGN_STYLE = Automatic;
				CURRENT_PROJECT_VERSION = 1;
				DEVELOPMENT_TEAM = 9JALHNGRBQ;
				ENABLE_USER_SCRIPT_SANDBOXING = YES;
				GCC_C_LANGUAGE_STANDARD = gnu17;
				GENERATE_INFOPLIST_FILE = YES;
				LOCALIZATION_PREFERS_STRING_CATALOGS = YES;
				MARKETING_VERSION = 1.0;
				PRODUCT_BUNDLE_IDENTIFIER = "org.davidjensenius.Backfire-VisionTests";
				PRODUCT_NAME = "$(TARGET_NAME)";
				SDKROOT = xros;
				SUPPORTED_PLATFORMS = "xros xrsimulator";
				SWIFT_ACTIVE_COMPILATION_CONDITIONS = "DEBUG $(inherited)";
				SWIFT_EMIT_LOC_STRINGS = NO;
				SWIFT_VERSION = 5.0;
				TARGETED_DEVICE_FAMILY = "1,2,7";
				TEST_HOST = "$(BUILT_PRODUCTS_DIR)/Backfire Vision.app/$(BUNDLE_EXECUTABLE_FOLDER_PATH)/Backfire Vision";
				XROS_DEPLOYMENT_TARGET = 1.2;
			};
			name = Debug;
		};
		6348DE1B2C21355800AE97C8 /* Release */ = {
			isa = XCBuildConfiguration;
			buildSettings = {
				ALWAYS_EMBED_SWIFT_STANDARD_LIBRARIES = YES;
				ASSETCATALOG_COMPILER_GENERATE_SWIFT_ASSET_SYMBOL_EXTENSIONS = YES;
				BUNDLE_LOADER = "$(TEST_HOST)";
				CLANG_CXX_LANGUAGE_STANDARD = "gnu++20";
				CODE_SIGN_STYLE = Automatic;
				CURRENT_PROJECT_VERSION = 1;
				DEVELOPMENT_TEAM = 9JALHNGRBQ;
				ENABLE_USER_SCRIPT_SANDBOXING = YES;
				GCC_C_LANGUAGE_STANDARD = gnu17;
				GENERATE_INFOPLIST_FILE = YES;
				LOCALIZATION_PREFERS_STRING_CATALOGS = YES;
				MARKETING_VERSION = 1.0;
				PRODUCT_BUNDLE_IDENTIFIER = "org.davidjensenius.Backfire-VisionTests";
				PRODUCT_NAME = "$(TARGET_NAME)";
				SDKROOT = xros;
				SUPPORTED_PLATFORMS = "xros xrsimulator";
				SWIFT_EMIT_LOC_STRINGS = NO;
				SWIFT_VERSION = 5.0;
				TARGETED_DEVICE_FAMILY = "1,2,7";
				TEST_HOST = "$(BUILT_PRODUCTS_DIR)/Backfire Vision.app/$(BUNDLE_EXECUTABLE_FOLDER_PATH)/Backfire Vision";
				VALIDATE_PRODUCT = YES;
				XROS_DEPLOYMENT_TARGET = 1.2;
			};
			name = Release;
		};
		63B68B69261E074900CCA935 /* Debug */ = {
			isa = XCBuildConfiguration;
			buildSettings = {
				ALWAYS_SEARCH_USER_PATHS = NO;
				CLANG_ANALYZER_NONNULL = YES;
				CLANG_ANALYZER_NUMBER_OBJECT_CONVERSION = YES_AGGRESSIVE;
				CLANG_CXX_LANGUAGE_STANDARD = "gnu++14";
				CLANG_CXX_LIBRARY = "libc++";
				CLANG_ENABLE_MODULES = YES;
				CLANG_ENABLE_OBJC_ARC = YES;
				CLANG_ENABLE_OBJC_WEAK = YES;
				CLANG_WARN_BLOCK_CAPTURE_AUTORELEASING = YES;
				CLANG_WARN_BOOL_CONVERSION = YES;
				CLANG_WARN_COMMA = YES;
				CLANG_WARN_CONSTANT_CONVERSION = YES;
				CLANG_WARN_DEPRECATED_OBJC_IMPLEMENTATIONS = YES;
				CLANG_WARN_DIRECT_OBJC_ISA_USAGE = YES_ERROR;
				CLANG_WARN_DOCUMENTATION_COMMENTS = YES;
				CLANG_WARN_EMPTY_BODY = YES;
				CLANG_WARN_ENUM_CONVERSION = YES;
				CLANG_WARN_INFINITE_RECURSION = YES;
				CLANG_WARN_INT_CONVERSION = YES;
				CLANG_WARN_NON_LITERAL_NULL_CONVERSION = YES;
				CLANG_WARN_OBJC_IMPLICIT_RETAIN_SELF = YES;
				CLANG_WARN_OBJC_LITERAL_CONVERSION = YES;
				CLANG_WARN_OBJC_ROOT_CLASS = YES_ERROR;
				CLANG_WARN_QUOTED_INCLUDE_IN_FRAMEWORK_HEADER = YES;
				CLANG_WARN_RANGE_LOOP_ANALYSIS = YES;
				CLANG_WARN_STRICT_PROTOTYPES = YES;
				CLANG_WARN_SUSPICIOUS_MOVE = YES;
				CLANG_WARN_UNGUARDED_AVAILABILITY = YES_AGGRESSIVE;
				CLANG_WARN_UNREACHABLE_CODE = YES;
				CLANG_WARN__DUPLICATE_METHOD_MATCH = YES;
				COPY_PHASE_STRIP = NO;
				DEAD_CODE_STRIPPING = YES;
				DEBUG_INFORMATION_FORMAT = dwarf;
				ENABLE_STRICT_OBJC_MSGSEND = YES;
				ENABLE_TESTABILITY = YES;
				ENABLE_USER_SCRIPT_SANDBOXING = NO;
				GCC_C_LANGUAGE_STANDARD = gnu11;
				GCC_DYNAMIC_NO_PIC = NO;
				GCC_NO_COMMON_BLOCKS = YES;
				GCC_OPTIMIZATION_LEVEL = 0;
				GCC_PREPROCESSOR_DEFINITIONS = (
					"DEBUG=1",
					"$(inherited)",
				);
				GCC_WARN_64_TO_32_BIT_CONVERSION = YES;
				GCC_WARN_ABOUT_RETURN_TYPE = YES_ERROR;
				GCC_WARN_UNDECLARED_SELECTOR = YES;
				GCC_WARN_UNINITIALIZED_AUTOS = YES_AGGRESSIVE;
				GCC_WARN_UNUSED_FUNCTION = YES;
				GCC_WARN_UNUSED_VARIABLE = YES;
				IPHONEOS_DEPLOYMENT_TARGET = 17.0;
				MACOSX_DEPLOYMENT_TARGET = 14.0;
				MTL_ENABLE_DEBUG_INFO = INCLUDE_SOURCE;
				MTL_FAST_MATH = YES;
				ONLY_ACTIVE_ARCH = YES;
				SWIFT_ACTIVE_COMPILATION_CONDITIONS = DEBUG;
				SWIFT_OPTIMIZATION_LEVEL = "-Onone";
				WATCHOS_DEPLOYMENT_TARGET = 10.0;
			};
			name = Debug;
		};
		63B68B6A261E074900CCA935 /* Release */ = {
			isa = XCBuildConfiguration;
			buildSettings = {
				ALWAYS_SEARCH_USER_PATHS = NO;
				CLANG_ANALYZER_NONNULL = YES;
				CLANG_ANALYZER_NUMBER_OBJECT_CONVERSION = YES_AGGRESSIVE;
				CLANG_CXX_LANGUAGE_STANDARD = "gnu++14";
				CLANG_CXX_LIBRARY = "libc++";
				CLANG_ENABLE_MODULES = YES;
				CLANG_ENABLE_OBJC_ARC = YES;
				CLANG_ENABLE_OBJC_WEAK = YES;
				CLANG_WARN_BLOCK_CAPTURE_AUTORELEASING = YES;
				CLANG_WARN_BOOL_CONVERSION = YES;
				CLANG_WARN_COMMA = YES;
				CLANG_WARN_CONSTANT_CONVERSION = YES;
				CLANG_WARN_DEPRECATED_OBJC_IMPLEMENTATIONS = YES;
				CLANG_WARN_DIRECT_OBJC_ISA_USAGE = YES_ERROR;
				CLANG_WARN_DOCUMENTATION_COMMENTS = YES;
				CLANG_WARN_EMPTY_BODY = YES;
				CLANG_WARN_ENUM_CONVERSION = YES;
				CLANG_WARN_INFINITE_RECURSION = YES;
				CLANG_WARN_INT_CONVERSION = YES;
				CLANG_WARN_NON_LITERAL_NULL_CONVERSION = YES;
				CLANG_WARN_OBJC_IMPLICIT_RETAIN_SELF = YES;
				CLANG_WARN_OBJC_LITERAL_CONVERSION = YES;
				CLANG_WARN_OBJC_ROOT_CLASS = YES_ERROR;
				CLANG_WARN_QUOTED_INCLUDE_IN_FRAMEWORK_HEADER = YES;
				CLANG_WARN_RANGE_LOOP_ANALYSIS = YES;
				CLANG_WARN_STRICT_PROTOTYPES = YES;
				CLANG_WARN_SUSPICIOUS_MOVE = YES;
				CLANG_WARN_UNGUARDED_AVAILABILITY = YES_AGGRESSIVE;
				CLANG_WARN_UNREACHABLE_CODE = YES;
				CLANG_WARN__DUPLICATE_METHOD_MATCH = YES;
				COPY_PHASE_STRIP = NO;
				DEAD_CODE_STRIPPING = YES;
				DEBUG_INFORMATION_FORMAT = "dwarf-with-dsym";
				ENABLE_NS_ASSERTIONS = NO;
				ENABLE_STRICT_OBJC_MSGSEND = YES;
				ENABLE_USER_SCRIPT_SANDBOXING = NO;
				GCC_C_LANGUAGE_STANDARD = gnu11;
				GCC_NO_COMMON_BLOCKS = YES;
				GCC_WARN_64_TO_32_BIT_CONVERSION = YES;
				GCC_WARN_ABOUT_RETURN_TYPE = YES_ERROR;
				GCC_WARN_UNDECLARED_SELECTOR = YES;
				GCC_WARN_UNINITIALIZED_AUTOS = YES_AGGRESSIVE;
				GCC_WARN_UNUSED_FUNCTION = YES;
				GCC_WARN_UNUSED_VARIABLE = YES;
				IPHONEOS_DEPLOYMENT_TARGET = 17.0;
				MACOSX_DEPLOYMENT_TARGET = 14.0;
				MTL_ENABLE_DEBUG_INFO = NO;
				MTL_FAST_MATH = YES;
				SWIFT_COMPILATION_MODE = wholemodule;
				SWIFT_OPTIMIZATION_LEVEL = "-O";
				WATCHOS_DEPLOYMENT_TARGET = 10.0;
			};
			name = Release;
		};
		63B68B6C261E074900CCA935 /* Debug */ = {
			isa = XCBuildConfiguration;
			buildSettings = {
				ASSETCATALOG_COMPILER_APPICON_NAME = AppIcon;
				ASSETCATALOG_COMPILER_GLOBAL_ACCENT_COLOR_NAME = AccentColor;
				CODE_SIGN_ENTITLEMENTS = Backfire.entitlements;
				CODE_SIGN_STYLE = Automatic;
				CURRENT_PROJECT_VERSION = 45;
				DEVELOPMENT_TEAM = 9JALHNGRBQ;
				ENABLE_PREVIEWS = YES;
				INFOPLIST_FILE = iOS/Info.plist;
				IPHONEOS_DEPLOYMENT_TARGET = 17.0;
				LD_RUNPATH_SEARCH_PATHS = (
					"$(inherited)",
					"@executable_path/Frameworks",
				);
				MARKETING_VERSION = 1.1.3;
				PRODUCT_BUNDLE_IDENTIFIER = org.davidjensenius.Backfire;
				PRODUCT_NAME = Backfire;
				SDKROOT = iphoneos;
				SWIFT_VERSION = 5.0;
				TARGETED_DEVICE_FAMILY = "1,2";
			};
			name = Debug;
		};
		63B68B6D261E074900CCA935 /* Release */ = {
			isa = XCBuildConfiguration;
			buildSettings = {
				ASSETCATALOG_COMPILER_APPICON_NAME = AppIcon;
				ASSETCATALOG_COMPILER_GLOBAL_ACCENT_COLOR_NAME = AccentColor;
				CODE_SIGN_ENTITLEMENTS = Backfire.entitlements;
				CODE_SIGN_STYLE = Automatic;
				CURRENT_PROJECT_VERSION = 45;
				DEVELOPMENT_TEAM = 9JALHNGRBQ;
				ENABLE_PREVIEWS = YES;
				INFOPLIST_FILE = iOS/Info.plist;
				IPHONEOS_DEPLOYMENT_TARGET = 17.0;
				LD_RUNPATH_SEARCH_PATHS = (
					"$(inherited)",
					"@executable_path/Frameworks",
				);
				MARKETING_VERSION = 1.1.3;
				PRODUCT_BUNDLE_IDENTIFIER = org.davidjensenius.Backfire;
				PRODUCT_NAME = Backfire;
				SDKROOT = iphoneos;
				SWIFT_VERSION = 5.0;
				TARGETED_DEVICE_FAMILY = "1,2";
				VALIDATE_PRODUCT = YES;
			};
			name = Release;
		};
		63B68B6F261E074900CCA935 /* Debug */ = {
			isa = XCBuildConfiguration;
			buildSettings = {
				ASSETCATALOG_COMPILER_APPICON_NAME = AppIcon;
				ASSETCATALOG_COMPILER_GLOBAL_ACCENT_COLOR_NAME = AccentColor;
				CODE_SIGN_ENTITLEMENTS = macOS/macOS.entitlements;
				CODE_SIGN_IDENTITY = "Apple Development";
				CODE_SIGN_STYLE = Automatic;
				COMBINE_HIDPI_IMAGES = YES;
				CURRENT_PROJECT_VERSION = 45;
				DEAD_CODE_STRIPPING = YES;
				DEVELOPMENT_TEAM = 9JALHNGRBQ;
				ENABLE_HARDENED_RUNTIME = YES;
				ENABLE_PREVIEWS = YES;
				INFOPLIST_FILE = macOS/Info.plist;
				LD_RUNPATH_SEARCH_PATHS = (
					"$(inherited)",
					"@executable_path/../Frameworks",
				);
				MACOSX_DEPLOYMENT_TARGET = 14.0;
				MARKETING_VERSION = 1.1.3;
				PRODUCT_BUNDLE_IDENTIFIER = org.davidjensenius.Backfire;
				PRODUCT_NAME = Backfire;
				SDKROOT = macosx;
				SWIFT_VERSION = 5.0;
			};
			name = Debug;
		};
		63B68B70261E074900CCA935 /* Release */ = {
			isa = XCBuildConfiguration;
			buildSettings = {
				ASSETCATALOG_COMPILER_APPICON_NAME = AppIcon;
				ASSETCATALOG_COMPILER_GLOBAL_ACCENT_COLOR_NAME = AccentColor;
				CODE_SIGN_ENTITLEMENTS = macOS/macOS.entitlements;
				CODE_SIGN_IDENTITY = "Apple Development";
				CODE_SIGN_STYLE = Automatic;
				COMBINE_HIDPI_IMAGES = YES;
				CURRENT_PROJECT_VERSION = 45;
				DEAD_CODE_STRIPPING = YES;
				DEVELOPMENT_TEAM = 9JALHNGRBQ;
				ENABLE_HARDENED_RUNTIME = YES;
				ENABLE_PREVIEWS = YES;
				INFOPLIST_FILE = macOS/Info.plist;
				LD_RUNPATH_SEARCH_PATHS = (
					"$(inherited)",
					"@executable_path/../Frameworks",
				);
				MACOSX_DEPLOYMENT_TARGET = 14.0;
				MARKETING_VERSION = 1.1.3;
				PRODUCT_BUNDLE_IDENTIFIER = org.davidjensenius.Backfire;
				PRODUCT_NAME = Backfire;
				SDKROOT = macosx;
				SWIFT_VERSION = 5.0;
			};
			name = Release;
		};
		63B68B72261E074900CCA935 /* Debug */ = {
			isa = XCBuildConfiguration;
			buildSettings = {
				ALWAYS_EMBED_SWIFT_STANDARD_LIBRARIES = YES;
				CODE_SIGN_STYLE = Automatic;
				DEVELOPMENT_TEAM = 9JALHNGRBQ;
				INFOPLIST_FILE = "Tests iOS/Info.plist";
				IPHONEOS_DEPLOYMENT_TARGET = 14.4;
				LD_RUNPATH_SEARCH_PATHS = (
					"$(inherited)",
					"@executable_path/Frameworks",
					"@loader_path/Frameworks",
				);
				PRODUCT_BUNDLE_IDENTIFIER = "org.davidjensenius.Tests-iOS";
				PRODUCT_NAME = "$(TARGET_NAME)";
				SDKROOT = iphoneos;
				SWIFT_VERSION = 5.0;
				TARGETED_DEVICE_FAMILY = "1,2";
				TEST_TARGET_NAME = "Backfire (iOS)";
			};
			name = Debug;
		};
		63B68B73261E074900CCA935 /* Release */ = {
			isa = XCBuildConfiguration;
			buildSettings = {
				ALWAYS_EMBED_SWIFT_STANDARD_LIBRARIES = YES;
				CODE_SIGN_STYLE = Automatic;
				DEVELOPMENT_TEAM = 9JALHNGRBQ;
				INFOPLIST_FILE = "Tests iOS/Info.plist";
				IPHONEOS_DEPLOYMENT_TARGET = 14.4;
				LD_RUNPATH_SEARCH_PATHS = (
					"$(inherited)",
					"@executable_path/Frameworks",
					"@loader_path/Frameworks",
				);
				PRODUCT_BUNDLE_IDENTIFIER = "org.davidjensenius.Tests-iOS";
				PRODUCT_NAME = "$(TARGET_NAME)";
				SDKROOT = iphoneos;
				SWIFT_VERSION = 5.0;
				TARGETED_DEVICE_FAMILY = "1,2";
				TEST_TARGET_NAME = "Backfire (iOS)";
				VALIDATE_PRODUCT = YES;
			};
			name = Release;
		};
		63B68B75261E074900CCA935 /* Debug */ = {
			isa = XCBuildConfiguration;
			buildSettings = {
				ALWAYS_EMBED_SWIFT_STANDARD_LIBRARIES = YES;
				CODE_SIGN_STYLE = Automatic;
				COMBINE_HIDPI_IMAGES = YES;
				DEAD_CODE_STRIPPING = YES;
				DEVELOPMENT_TEAM = 9JALHNGRBQ;
				INFOPLIST_FILE = "Tests macOS/Info.plist";
				LD_RUNPATH_SEARCH_PATHS = (
					"$(inherited)",
					"@executable_path/../Frameworks",
					"@loader_path/../Frameworks",
				);
				MACOSX_DEPLOYMENT_TARGET = 11.1;
				PRODUCT_BUNDLE_IDENTIFIER = "org.davidjensenius.Tests-macOS";
				PRODUCT_NAME = "$(TARGET_NAME)";
				SDKROOT = macosx;
				SWIFT_VERSION = 5.0;
				TEST_TARGET_NAME = "Backfire (macOS)";
			};
			name = Debug;
		};
		63B68B76261E074900CCA935 /* Release */ = {
			isa = XCBuildConfiguration;
			buildSettings = {
				ALWAYS_EMBED_SWIFT_STANDARD_LIBRARIES = YES;
				CODE_SIGN_STYLE = Automatic;
				COMBINE_HIDPI_IMAGES = YES;
				DEAD_CODE_STRIPPING = YES;
				DEVELOPMENT_TEAM = 9JALHNGRBQ;
				INFOPLIST_FILE = "Tests macOS/Info.plist";
				LD_RUNPATH_SEARCH_PATHS = (
					"$(inherited)",
					"@executable_path/../Frameworks",
					"@loader_path/../Frameworks",
				);
				MACOSX_DEPLOYMENT_TARGET = 11.1;
				PRODUCT_BUNDLE_IDENTIFIER = "org.davidjensenius.Tests-macOS";
				PRODUCT_NAME = "$(TARGET_NAME)";
				SDKROOT = macosx;
				SWIFT_VERSION = 5.0;
				TEST_TARGET_NAME = "Backfire (macOS)";
			};
			name = Release;
		};
/* End XCBuildConfiguration section */

/* Begin XCConfigurationList section */
		634659C5261E1BA500460166 /* Build configuration list for PBXNativeTarget "Backfire" */ = {
			isa = XCConfigurationList;
			buildConfigurations = (
				634659C6261E1BA500460166 /* Debug */,
				634659C7261E1BA500460166 /* Release */,
			);
			defaultConfigurationIsVisible = 0;
			defaultConfigurationName = Release;
		};
		6348DE162C21355800AE97C8 /* Build configuration list for PBXNativeTarget "Backfire Vision" */ = {
			isa = XCConfigurationList;
			buildConfigurations = (
				6348DE172C21355800AE97C8 /* Debug */,
				6348DE182C21355800AE97C8 /* Release */,
			);
			defaultConfigurationIsVisible = 0;
			defaultConfigurationName = Release;
		};
		6348DE192C21355800AE97C8 /* Build configuration list for PBXNativeTarget "Backfire VisionTests" */ = {
			isa = XCConfigurationList;
			buildConfigurations = (
				6348DE1A2C21355800AE97C8 /* Debug */,
				6348DE1B2C21355800AE97C8 /* Release */,
			);
			defaultConfigurationIsVisible = 0;
			defaultConfigurationName = Release;
		};
		63B68B31261E074500CCA935 /* Build configuration list for PBXProject "Backfire" */ = {
			isa = XCConfigurationList;
			buildConfigurations = (
				63B68B69261E074900CCA935 /* Debug */,
				63B68B6A261E074900CCA935 /* Release */,
			);
			defaultConfigurationIsVisible = 0;
			defaultConfigurationName = Release;
		};
		63B68B6B261E074900CCA935 /* Build configuration list for PBXNativeTarget "Backfire (iOS)" */ = {
			isa = XCConfigurationList;
			buildConfigurations = (
				63B68B6C261E074900CCA935 /* Debug */,
				63B68B6D261E074900CCA935 /* Release */,
			);
			defaultConfigurationIsVisible = 0;
			defaultConfigurationName = Release;
		};
		63B68B6E261E074900CCA935 /* Build configuration list for PBXNativeTarget "Backfire (macOS)" */ = {
			isa = XCConfigurationList;
			buildConfigurations = (
				63B68B6F261E074900CCA935 /* Debug */,
				63B68B70261E074900CCA935 /* Release */,
			);
			defaultConfigurationIsVisible = 0;
			defaultConfigurationName = Release;
		};
		63B68B71261E074900CCA935 /* Build configuration list for PBXNativeTarget "Tests iOS" */ = {
			isa = XCConfigurationList;
			buildConfigurations = (
				63B68B72261E074900CCA935 /* Debug */,
				63B68B73261E074900CCA935 /* Release */,
			);
			defaultConfigurationIsVisible = 0;
			defaultConfigurationName = Release;
		};
		63B68B74261E074900CCA935 /* Build configuration list for PBXNativeTarget "Tests macOS" */ = {
			isa = XCConfigurationList;
			buildConfigurations = (
				63B68B75261E074900CCA935 /* Debug */,
				63B68B76261E074900CCA935 /* Release */,
			);
			defaultConfigurationIsVisible = 0;
			defaultConfigurationName = Release;
		};
/* End XCConfigurationList section */

/* Begin XCSwiftPackageProductDependency section */
		6348DE002C21355700AE97C8 /* RealityKitContent */ = {
			isa = XCSwiftPackageProductDependency;
			productName = RealityKitContent;
		};
/* End XCSwiftPackageProductDependency section */

/* Begin XCVersionGroup section */
		63B68B33261E074500CCA935 /* Backfire.xcdatamodeld */ = {
			isa = XCVersionGroup;
			children = (
				63B68B34261E074500CCA935 /* Shared.xcdatamodel */,
			);
			currentVersion = 63B68B34261E074500CCA935 /* Shared.xcdatamodel */;
			path = Backfire.xcdatamodeld;
			sourceTree = "<group>";
			versionGroupType = wrapper.xcdatamodel;
		};
/* End XCVersionGroup section */
	};
	rootObject = 63B68B2E261E074500CCA935 /* Project object */;
}
